
Microsoft Visual Studio Solution File, Format Version 12.00
# Visual Studio Version 17
VisualStudioVersion = 17.13.35806.99 d17.13
MinimumVisualStudioVersion = 10.0.40219.1
Project("{2150E333-8FDC-42A3-9474-1A3956D46DE8}") = "Task0", "Task0", "{02EA681E-C7D8-13C7-8484-4AC65E1B71E8}"
EndProject
Project("{FAE04EC0-301F-11D3-BF4B-00C04F79EFBC}") = "Tyuiu.AntonovVV.Sprint2.Task0.V1", "Tyuiu.AntonovVV.Sprint2.Task0.V1\Tyuiu.AntonovVV.Sprint2.Task0.V1.csproj", "{E0B82E13-F6A3-4DD5-BDA6-1194369BB328}"
EndProject
Project("{FAE04EC0-301F-11D3-BF4B-00C04F79EFBC}") = "Tyuiu.AntonovVV.Sprint2.Task0.V1.Lib", "Tyuiu.AntonovVV.Sprint2.Task0.V1.Lib\Tyuiu.AntonovVV.Sprint2.Task0.V1.Lib.csproj", "{7D37A1D6-0904-4DE1-8878-E2395BBEB56C}"
EndProject
Project("{FAE04EC0-301F-11D3-BF4B-00C04F79EFBC}") = "Tyuiu.AntonovVV.Sprint2.Task0.V1.Test", "Tyuiu.AntonovVV.Sprint2.Task0.V1.Test\Tyuiu.AntonovVV.Sprint2.Task0.V1.Test.csproj", "{C2B4BF63-FBB9-4DE8-AC5F-E59136B345DB}"
EndProject
Project("{2150E333-8FDC-42A3-9474-1A3956D46DE8}") = "Task1", "Task1", "{31C912BF-7AF3-4CFA-9287-C5CDDD7CE491}"
EndProject
Project("{2150E333-8FDC-42A3-9474-1A3956D46DE8}") = "Task2", "Task2", "{6E7D9130-2C8A-4146-82FA-5A3D9AB2020F}"
EndProject
Project("{2150E333-8FDC-42A3-9474-1A3956D46DE8}") = "Task3", "Task3", "{2E78CE32-3F50-471B-A7B2-A8AD31188900}"
EndProject
Project("{2150E333-8FDC-42A3-9474-1A3956D46DE8}") = "Task4", "Task4", "{15A6193C-FAD3-41DC-9EA8-D5780527F709}"
EndProject
Project("{2150E333-8FDC-42A3-9474-1A3956D46DE8}") = "Task5", "Task5", "{FDC4BAFD-92F9-4CB7-814A-535FD791657E}"
EndProject
Project("{2150E333-8FDC-42A3-9474-1A3956D46DE8}") = "Task6", "Task6", "{B07842ED-ECAB-4E62-A5A7-023B9AEA3ACF}"
EndProject
Project("{2150E333-8FDC-42A3-9474-1A3956D46DE8}") = "Task7", "Task7", "{CD7DDD25-351D-49AB-BFD8-E7CCB9931CDC}"
EndProject
Project("{FAE04EC0-301F-11D3-BF4B-00C04F79EFBC}") = "Tyuiu.AntonovVV.Sprint2.Task1.V30", "Tyuiu.AntonovVV.Sprint2.Task1.V30\Tyuiu.AntonovVV.Sprint2.Task1.V30.csproj", "{5542D13D-EFA6-4197-889E-099885523D56}"
EndProject
Project("{FAE04EC0-301F-11D3-BF4B-00C04F79EFBC}") = "Tyuiu.AntonovVV.Sprint2.Task1.V30.Lib", "Tyuiu.AntonovVV.Sprint2.Task1.V30.Lib\Tyuiu.AntonovVV.Sprint2.Task1.V30.Lib.csproj", "{B2F8D49F-4648-4510-82FF-E97DADFBCA38}"
EndProject
Project("{FAE04EC0-301F-11D3-BF4B-00C04F79EFBC}") = "Tyuiu.AntonovVV.Sprint2.Task1.V30.Test", "Tyuiu.AntonovVV.Sprint2.Task1.V30.Test\Tyuiu.AntonovVV.Sprint2.Task1.V30.Test.csproj", "{DB0ADB7D-7022-41B5-9B0E-8904B85FC6E7}"
EndProject
Global
	GlobalSection(SolutionConfigurationPlatforms) = preSolution
		Debug|Any CPU = Debug|Any CPU
		Release|Any CPU = Release|Any CPU
	EndGlobalSection
	GlobalSection(ProjectConfigurationPlatforms) = postSolution
		{E0B82E13-F6A3-4DD5-BDA6-1194369BB328}.Debug|Any CPU.ActiveCfg = Debug|Any CPU
		{E0B82E13-F6A3-4DD5-BDA6-1194369BB328}.Debug|Any CPU.Build.0 = Debug|Any CPU
		{E0B82E13-F6A3-4DD5-BDA6-1194369BB328}.Release|Any CPU.ActiveCfg = Release|Any CPU
		{E0B82E13-F6A3-4DD5-BDA6-1194369BB328}.Release|Any CPU.Build.0 = Release|Any CPU
		{7D37A1D6-0904-4DE1-8878-E2395BBEB56C}.Debug|Any CPU.ActiveCfg = Debug|Any CPU
		{7D37A1D6-0904-4DE1-8878-E2395BBEB56C}.Debug|Any CPU.Build.0 = Debug|Any CPU
		{7D37A1D6-0904-4DE1-8878-E2395BBEB56C}.Release|Any CPU.ActiveCfg = Release|Any CPU
		{7D37A1D6-0904-4DE1-8878-E2395BBEB56C}.Release|Any CPU.Build.0 = Release|Any CPU
		{C2B4BF63-FBB9-4DE8-AC5F-E59136B345DB}.Debug|Any CPU.ActiveCfg = Debug|Any CPU
		{C2B4BF63-FBB9-4DE8-AC5F-E59136B345DB}.Debug|Any CPU.Build.0 = Debug|Any CPU
		{C2B4BF63-FBB9-4DE8-AC5F-E59136B345DB}.Release|Any CPU.ActiveCfg = Release|Any CPU
		{C2B4BF63-FBB9-4DE8-AC5F-E59136B345DB}.Release|Any CPU.Build.0 = Release|Any CPU
		{5542D13D-EFA6-4197-889E-099885523D56}.Debug|Any CPU.ActiveCfg = Debug|Any CPU
		{5542D13D-EFA6-4197-889E-099885523D56}.Debug|Any CPU.Build.0 = Debug|Any CPU
		{5542D13D-EFA6-4197-889E-099885523D56}.Release|Any CPU.ActiveCfg = Release|Any CPU
		{5542D13D-EFA6-4197-889E-099885523D56}.Release|Any CPU.Build.0 = Release|Any CPU
		{B2F8D49F-4648-4510-82FF-E97DADFBCA38}.Debug|Any CPU.ActiveCfg = Debug|Any CPU
		{B2F8D49F-4648-4510-82FF-E97DADFBCA38}.Debug|Any CPU.Build.0 = Debug|Any CPU
		{B2F8D49F-4648-4510-82FF-E97DADFBCA38}.Release|Any CPU.ActiveCfg = Release|Any CPU
		{B2F8D49F-4648-4510-82FF-E97DADFBCA38}.Release|Any CPU.Build.0 = Release|Any CPU
		{DB0ADB7D-7022-41B5-9B0E-8904B85FC6E7}.Debug|Any CPU.ActiveCfg = Debug|Any CPU
		{DB0ADB7D-7022-41B5-9B0E-8904B85FC6E7}.Debug|Any CPU.Build.0 = Debug|Any CPU
		{DB0ADB7D-7022-41B5-9B0E-8904B85FC6E7}.Release|Any CPU.ActiveCfg = Release|Any CPU
		{DB0ADB7D-7022-41B5-9B0E-8904B85FC6E7}.Release|Any CPU.Build.0 = Release|Any CPU
	EndGlobalSection
	GlobalSection(SolutionProperties) = preSolution
		HideSolutionNode = FALSE
	EndGlobalSection
	GlobalSection(NestedProjects) = preSolution
		{E0B82E13-F6A3-4DD5-BDA6-1194369BB328} = {02EA681E-C7D8-13C7-8484-4AC65E1B71E8}
		{7D37A1D6-0904-4DE1-8878-E2395BBEB56C} = {02EA681E-C7D8-13C7-8484-4AC65E1B71E8}
		{C2B4BF63-FBB9-4DE8-AC5F-E59136B345DB} = {02EA681E-C7D8-13C7-8484-4AC65E1B71E8}
		{5542D13D-EFA6-4197-889E-099885523D56} = {31C912BF-7AF3-4CFA-9287-C5CDDD7CE491}
		{B2F8D49F-4648-4510-82FF-E97DADFBCA38} = {31C912BF-7AF3-4CFA-9287-C5CDDD7CE491}
		{DB0ADB7D-7022-41B5-9B0E-8904B85FC6E7} = {31C912BF-7AF3-4CFA-9287-C5CDDD7CE491}
	EndGlobalSection
	GlobalSection(ExtensibilityGlobals) = postSolution
		SolutionGuid = {429619ED-26FD-4D65-9DB3-28D018130784}
	EndGlobalSection
EndGlobal
